// !$*UTF8*$!
{
	archiveVersion = 1;
	classes = {
	};
	objectVersion = 46;
	objects = {

/* Begin PBXBuildFile section */
		2391F2591EA000D900603C1A /* AppDelegate.swift in Sources */ = {isa = PBXBuildFile; fileRef = 2391F2581EA000D900603C1A /* AppDelegate.swift */; };
		2391F25B1EA000D900603C1A /* ViewController.swift in Sources */ = {isa = PBXBuildFile; fileRef = 2391F25A1EA000D900603C1A /* ViewController.swift */; };
		2391F25E1EA000D900603C1A /* Main.storyboard in Resources */ = {isa = PBXBuildFile; fileRef = 2391F25C1EA000D900603C1A /* Main.storyboard */; };
		2391F2601EA000D900603C1A /* Assets.xcassets in Resources */ = {isa = PBXBuildFile; fileRef = 2391F25F1EA000D900603C1A /* Assets.xcassets */; };
		2391F2631EA000D900603C1A /* LaunchScreen.storyboard in Resources */ = {isa = PBXBuildFile; fileRef = 2391F2611EA000D900603C1A /* LaunchScreen.storyboard */; };
		2391F2711EA015D700603C1A /* ButtonsView.swift in Sources */ = {isa = PBXBuildFile; fileRef = 2391F2701EA015D700603C1A /* ButtonsView.swift */; };
/* End PBXBuildFile section */

/* Begin PBXFileReference section */
		2391F2551EA000D900603C1A /* ButtonSliderDemo.app */ = {isa = PBXFileReference; explicitFileType = wrapper.application; includeInIndex = 0; path = ButtonSliderDemo.app; sourceTree = BUILT_PRODUCTS_DIR; };
		2391F2581EA000D900603C1A /* AppDelegate.swift */ = {isa = PBXFileReference; lastKnownFileType = sourcecode.swift; path = AppDelegate.swift; sourceTree = "<group>"; };
		2391F25A1EA000D900603C1A /* ViewController.swift */ = {isa = PBXFileReference; lastKnownFileType = sourcecode.swift; path = ViewController.swift; sourceTree = "<group>"; };
		2391F25D1EA000D900603C1A /* Base */ = {isa = PBXFileReference; lastKnownFileType = file.storyboard; name = Base; path = Base.lproj/Main.storyboard; sourceTree = "<group>"; };
		2391F25F1EA000D900603C1A /* Assets.xcassets */ = {isa = PBXFileReference; lastKnownFileType = folder.assetcatalog; path = Assets.xcassets; sourceTree = "<group>"; };
		2391F2621EA000D900603C1A /* Base */ = {isa = PBXFileReference; lastKnownFileType = file.storyboard; name = Base; path = Base.lproj/LaunchScreen.storyboard; sourceTree = "<group>"; };
		2391F2641EA000D900603C1A /* Info.plist */ = {isa = PBXFileReference; lastKnownFileType = text.plist.xml; path = Info.plist; sourceTree = "<group>"; };
		2391F2701EA015D700603C1A /* ButtonsView.swift */ = {isa = PBXFileReference; fileEncoding = 4; lastKnownFileType = sourcecode.swift; path = ButtonsView.swift; sourceTree = "<group>"; };
/* End PBXFileReference section */

/* Begin PBXFrameworksBuildPhase section */
		2391F2521EA000D900603C1A /* Frameworks */ = {
			isa = PBXFrameworksBuildPhase;
			buildActionMask = 2147483647;
			files = (
			);
			runOnlyForDeploymentPostprocessing = 0;
		};
/* End PBXFrameworksBuildPhase section */

/* Begin PBXGroup section */
		2391F24C1EA000D900603C1A = {
			isa = PBXGroup;
			children = (
				2391F2571EA000D900603C1A /* ButtonSliderDemo */,
				2391F2561EA000D900603C1A /* Products */,
			);
			sourceTree = "<group>";
		};
		2391F2561EA000D900603C1A /* Products */ = {
			isa = PBXGroup;
			children = (
				2391F2551EA000D900603C1A /* ButtonSliderDemo.app */,
			);
			name = Products;
			sourceTree = "<group>";
		};
		2391F2571EA000D900603C1A /* ButtonSliderDemo */ = {
			isa = PBXGroup;
			children = (
				2391F2701EA015D700603C1A /* ButtonsView.swift */,
				2391F2581EA000D900603C1A /* AppDelegate.swift */,
				2391F25A1EA000D900603C1A /* ViewController.swift */,
				2391F25C1EA000D900603C1A /* Main.storyboard */,
				2391F25F1EA000D900603C1A /* Assets.xcassets */,
				2391F2611EA000D900603C1A /* LaunchScreen.storyboard */,
				2391F2641EA000D900603C1A /* Info.plist */,
			);
			path = ButtonSliderDemo;
			sourceTree = "<group>";
		};
/* End PBXGroup section */

/* Begin PBXNativeTarget section */
		2391F2541EA000D900603C1A /* ButtonSliderDemo */ = {
			isa = PBXNativeTarget;
			buildConfigurationList = 2391F2671EA000D900603C1A /* Build configuration list for PBXNativeTarget "ButtonSliderDemo" */;
			buildPhases = (
				2391F2511EA000D900603C1A /* Sources */,
				2391F2521EA000D900603C1A /* Frameworks */,
				2391F2531EA000D900603C1A /* Resources */,
			);
			buildRules = (
			);
			dependencies = (
			);
			name = ButtonSliderDemo;
			productName = ButtonSliderDemo;
			productReference = 2391F2551EA000D900603C1A /* ButtonSliderDemo.app */;
			productType = "com.apple.product-type.application";
		};
/* End PBXNativeTarget section */

/* Begin PBXProject section */
		2391F24D1EA000D900603C1A /* Project object */ = {
			isa = PBXProject;
			attributes = {
				LastSwiftUpdateCheck = 0820;
				LastUpgradeCheck = 0820;
				ORGANIZATIONNAME = "Saurabh Yadav";
				TargetAttributes = {
					2391F2541EA000D900603C1A = {
						CreatedOnToolsVersion = 8.2.1;
						ProvisioningStyle = Automatic;
					};
				};
			};
			buildConfigurationList = 2391F2501EA000D900603C1A /* Build configuration list for PBXProject "ButtonSliderDemo" */;
			compatibilityVersion = "Xcode 3.2";
			developmentRegion = English;
			hasScannedForEncodings = 0;
			knownRegions = (
				en,
				Base,
			);
			mainGroup = 2391F24C1EA000D900603C1A;
			productRefGroup = 2391F2561EA000D900603C1A /* Products */;
			projectDirPath = "";
			projectRoot = "";
			targets = (
				2391F2541EA000D900603C1A /* ButtonSliderDemo */,
			);
		};
/* End PBXProject section */

/* Begin PBXResourcesBuildPhase section */
		2391F2531EA000D900603C1A /* Resources */ = {
			isa = PBXResourcesBuildPhase;
			buildActionMask = 2147483647;
			files = (
				2391F2631EA000D900603C1A /* LaunchScreen.storyboard in Resources */,
				2391F2601EA000D900603C1A /* Assets.xcassets in Resources */,
				2391F25E1EA000D900603C1A /* Main.storyboard in Resources */,
			);
			runOnlyForDeploymentPostprocessing = 0;
		};
/* End PBXResourcesBuildPhase section */

/* Begin PBXSourcesBuildPhase section */
		2391F2511EA000D900603C1A /* Sources */ = {
			isa = PBXSourcesBuildPhase;
			buildActionMask = 2147483647;
			files = (
				2391F2711EA015D700603C1A /* ButtonsView.swift in Sources */,
				2391F25B1EA000D900603C1A /* ViewController.swift in Sources */,
				2391F2591EA000D900603C1A /* AppDelegate.swift in Sources */,
			);
			runOnlyForDeploymentPostprocessing = 0;
		};
/* End PBXSourcesBuildPhase section */

/* Begin PBXVariantGroup section */
		2391F25C1EA000D900603C1A /* Main.storyboard */ = {
			isa = PBXVariantGroup;
			children = (
				2391F25D1EA000D900603C1A /* Base */,
			);
			name = Main.storyboard;
			sourceTree = "<group>";
		};
		2391F2611EA000D900603C1A /* LaunchScreen.storyboard */ = {
			isa = PBXVariantGroup;
			children = (
				2391F2621EA000D900603C1A /* Base */,
			);
			name = LaunchScreen.storyboard;
			sourceTree = "<group>";
		};
/* End PBXVariantGroup section */

/* Begin XCBuildConfiguration section */
		2391F2651EA000D900603C1A /* Debug */ = {
			isa = XCBuildConfiguration;
			buildSettings = {
				ALWAYS_SEARCH_USER_PATHS = NO;
				CLANG_ANALYZER_NONNULL = YES;
				CLANG_CXX_LANGUAGE_STANDARD = "gnu++0x";
				CLANG_CXX_LIBRARY = "libc++";
				CLANG_ENABLE_MODULES = YES;
				CLANG_ENABLE_OBJC_ARC = YES;
				CLANG_WARN_BOOL_CONVERSION = YES;
				CLANG_WARN_CONSTANT_CONVERSION = YES;
				CLANG_WARN_DIRECT_OBJC_ISA_USAGE = YES_ERROR;
				CLANG_WARN_DOCUMENTATION_COMMENTS = YES;
				CLANG_WARN_EMPTY_BODY = YES;
				CLANG_WARN_ENUM_CONVERSION = YES;
				CLANG_WARN_INFINITE_RECURSION = YES;
				CLANG_WARN_INT_CONVERSION = YES;
				CLANG_WARN_OBJC_ROOT_CLASS = YES_ERROR;
				CLANG_WARN_SUSPICIOUS_MOVE = YES;
				CLANG_WARN_UNREACHABLE_CODE = YES;
				CLANG_WARN__DUPLICATE_METHOD_MATCH = YES;
				"CODE_SIGN_IDENTITY[sdk=iphoneos*]" = "iPhone Developer";
				COPY_PHASE_STRIP = NO;
				DEBUG_INFORMATION_FORMAT = dwarf;
				ENABLE_STRICT_OBJC_MSGSEND = YES;
				ENABLE_TESTABILITY = YES;
				GCC_C_LANGUAGE_STANDARD = gnu99;
				GCC_DYNAMIC_NO_PIC = NO;
				GCC_NO_COMMON_BLOCKS = YES;
				GCC_OPTIMIZATION_LEVEL = 0;
				GCC_PREPROCESSOR_DEFINITIONS = (
					"DEBUG=1",
					"$(inherited)",
				);
				GCC_WARN_64_TO_32_BIT_CONVERSION = YES;
				GCC_WARN_ABOUT_RETURN_TYPE = YES_ERROR;
				GCC_WARN_UNDECLARED_SELECTOR = YES;
				GCC_WARN_UNINITIALIZED_AUTOS = YES_AGGRESSIVE;
				GCC_WARN_UNUSED_FUNCTION = YES;
				GCC_WARN_UNUSED_VARIABLE = YES;
				IPHONEOS_DEPLOYMENT_TARGET = 10.2;
				MTL_ENABLE_DEBUG_INFO = YES;
				ONLY_ACTIVE_ARCH = YES;
				SDKROOT = iphoneos;
				SWIFT_ACTIVE_COMPILATION_CONDITIONS = DEBUG;
				SWIFT_OPTIMIZATION_LEVEL = "-Onone";
			};
			name = Debug;
		};
		2391F2661EA000D900603C1A /* Release */ = {
			isa = XCBuildConfiguration;
			buildSettings = {
				ALWAYS_SEARCH_USER_PATHS = NO;
				CLANG_ANALYZER_NONNULL = YES;
				CLANG_CXX_LANGUAGE_STANDARD = "gnu++0x";
				CLANG_CXX_LIBRARY = "libc++";
				CLANG_ENABLE_MODULES = YES;
				CLANG_ENABLE_OBJC_ARC = YES;
				CLANG_WARN_BOOL_CONVERSION = YES;
				CLANG_WARN_CONSTANT_CONVERSION = YES;
				CLANG_WARN_DIRECT_OBJC_ISA_USAGE = YES_ERROR;
				CLANG_WARN_DOCUMENTATION_COMMENTS = YES;
				CLANG_WARN_EMPTY_BODY = YES;
				CLANG_WARN_ENUM_CONVERSION = YES;
				CLANG_WARN_INFINITE_RECURSION = YES;
				CLANG_WARN_INT_CONVERSION = YES;
				CLANG_WARN_OBJC_ROOT_CLASS = YES_ERROR;
				CLANG_WARN_SUSPICIOUS_MOVE = YES;
				CLANG_WARN_UNREACHABLE_CODE = YES;
				CLANG_WARN__DUPLICATE_METHOD_MATCH = YES;
				"CODE_SIGN_IDENTITY[sdk=iphoneos*]" = "iPhone Developer";
				COPY_PHASE_STRIP = NO;
				DEBUG_INFORMATION_FORMAT = "dwarf-with-dsym";
				ENABLE_NS_ASSERTIONS = NO;
				ENABLE_STRICT_OBJC_MSGSEND = YES;
				GCC_C_LANGUAGE_STANDARD = gnu99;
				GCC_NO_COMMON_BLOCKS = YES;
				GCC_WARN_64_TO_32_BIT_CONVERSION = YES;
				GCC_WARN_ABOUT_RETURN_TYPE = YES_ERROR;
				GCC_WARN_UNDECLARED_SELECTOR = YES;
				GCC_WARN_UNINITIALIZED_AUTOS = YES_AGGRESSIVE;
				GCC_WARN_UNUSED_FUNCTION = YES;
				GCC_WARN_UNUSED_VARIABLE = YES;
				IPHONEOS_DEPLOYMENT_TARGET = 10.2;
				MTL_ENABLE_DEBUG_INFO = NO;
				SDKROOT = iphoneos;
				SWIFT_OPTIMIZATION_LEVEL = "-Owholemodule";
				VALIDATE_PRODUCT = YES;
			};
			name = Release;
		};
		2391F2681EA000D900603C1A /* Debug */ = {
			isa = XCBuildConfiguration;
			buildSettings = {
				ASSETCATALOG_COMPILER_APPICON_NAME = AppIcon;
				INFOPLIST_FILE = ButtonSliderDemo/Info.plist;
				LD_RUNPATH_SEARCH_PATHS = "$(inherited) @executable_path/Frameworks";
				PRODUCT_BUNDLE_IDENTIFIER = com.saurabh.ButtonSliderDemo;
				PRODUCT_NAME = "$(TARGET_NAME)";
				SWIFT_VERSION = 3.0;
			};
			name = Debug;
		};
		2391F2691EA000D900603C1A /* Release */ = {
			isa = XCBuildConfiguration;
			buildSettings = {
				ASSETCATALOG_COMPILER_APPICON_NAME = AppIcon;
				INFOPLIST_FILE = ButtonSliderDemo/Info.plist;
				LD_RUNPATH_SEARCH_PATHS = "$(inherited) @executable_path/Frameworks";
				PRODUCT_BUNDLE_IDENTIFIER = com.saurabh.ButtonSliderDemo;
				PRODUCT_NAME = "$(TARGET_NAME)";
				SWIFT_VERSION = 3.0;
			};
			name = Release;
		};
/* End XCBuildConfiguration section */

/* Begin XCConfigurationList section */
		2391F2501EA000D900603C1A /* Build configuration list for PBXProject "ButtonSliderDemo" */ = {
			isa = XCConfigurationList;
			buildConfigurations = (
				2391F2651EA000D900603C1A /* Debug */,
				2391F2661EA000D900603C1A /* Release */,
			);
			defaultConfigurationIsVisible = 0;
			defaultConfigurationName = Release;
		};
		2391F2671EA000D900603C1A /* Build configuration list for PBXNativeTarget "ButtonSliderDemo" */ = {
			isa = XCConfigurationList;
			buildConfigurations = (
				2391F2681EA000D900603C1A /* Debug */,
				2391F2691EA000D900603C1A /* Release */,
			);
			defaultConfigurationIsVisible = 0;
			defaultConfigurationName = Release;
		};
/* End XCConfigurationList section */
	};
	rootObject = 2391F24D1EA000D900603C1A /* Project object */;
}
